// !$*UTF8*$!
{
	archiveVersion = 1;
	classes = {
	};
	objectVersion = 56;
	objects = {

/* Begin PBXBuildFile section */
		FAF0B74E2A6AD267009B1E70 /* AppDelegate.swift in Sources */ = {isa = PBXBuildFile; fileRef = FAF0B74D2A6AD267009B1E70 /* AppDelegate.swift */; };
		FAF0B7502A6AD267009B1E70 /* SceneDelegate.swift in Sources */ = {isa = PBXBuildFile; fileRef = FAF0B74F2A6AD267009B1E70 /* SceneDelegate.swift */; };
		FAF0B7522A6AD267009B1E70 /* PlayersListVC.swift in Sources */ = {isa = PBXBuildFile; fileRef = FAF0B7512A6AD267009B1E70 /* PlayersListVC.swift */; };
		FAF0B7572A6AD268009B1E70 /* Assets.xcassets in Resources */ = {isa = PBXBuildFile; fileRef = FAF0B7562A6AD268009B1E70 /* Assets.xcassets */; };
		FAF0B75A2A6AD268009B1E70 /* LaunchScreen.storyboard in Resources */ = {isa = PBXBuildFile; fileRef = FAF0B7582A6AD268009B1E70 /* LaunchScreen.storyboard */; };
		FAF0B7652A6AD7A2009B1E70 /* AppColors.swift in Sources */ = {isa = PBXBuildFile; fileRef = FAF0B7642A6AD7A2009B1E70 /* AppColors.swift */; };
		FAF0B7682A6AD9EE009B1E70 /* UIViewController+Extensions.swift in Sources */ = {isa = PBXBuildFile; fileRef = FAF0B7672A6AD9EE009B1E70 /* UIViewController+Extensions.swift */; };
		FAF0B76B2A6BC231009B1E70 /* PlayerCollectionViewCell.swift in Sources */ = {isa = PBXBuildFile; fileRef = FAF0B76A2A6BC231009B1E70 /* PlayerCollectionViewCell.swift */; };
		FAF0B76E2A6BC38F009B1E70 /* SnapKit in Frameworks */ = {isa = PBXBuildFile; productRef = FAF0B76D2A6BC38F009B1E70 /* SnapKit */; };
		FAF0B7702A6BCC83009B1E70 /* UIView + Extensions.swift in Sources */ = {isa = PBXBuildFile; fileRef = FAF0B76F2A6BCC83009B1E70 /* UIView + Extensions.swift */; };
		FAF0B7732A6BCE5A009B1E70 /* PlayerTableViewCell.swift in Sources */ = {isa = PBXBuildFile; fileRef = FAF0B7722A6BCE5A009B1E70 /* PlayerTableViewCell.swift */; };
		FAF0B7752A6BDA35009B1E70 /* NetworkService.swift in Sources */ = {isa = PBXBuildFile; fileRef = FAF0B7742A6BDA35009B1E70 /* NetworkService.swift */; };
		FAF0B7772A6BDB81009B1E70 /* PlayersListViewModel.swift in Sources */ = {isa = PBXBuildFile; fileRef = FAF0B7762A6BDB81009B1E70 /* PlayersListViewModel.swift */; };
		FAF0B7792A6BDB9C009B1E70 /* Observable.swift in Sources */ = {isa = PBXBuildFile; fileRef = FAF0B7782A6BDB9C009B1E70 /* Observable.swift */; };
		FAF0B77B2A6BDE1A009B1E70 /* HTTPMethod.swift in Sources */ = {isa = PBXBuildFile; fileRef = FAF0B77A2A6BDE1A009B1E70 /* HTTPMethod.swift */; };
		FAF0B77F2A6BE0A5009B1E70 /* EndPoint.swift in Sources */ = {isa = PBXBuildFile; fileRef = FAF0B77E2A6BE0A5009B1E70 /* EndPoint.swift */; };
		FAF0B7812A6BE123009B1E70 /* PlayersListResponse.swift in Sources */ = {isa = PBXBuildFile; fileRef = FAF0B7802A6BE123009B1E70 /* PlayersListResponse.swift */; };
		FAF0B7832A6BE14D009B1E70 /* Player.swift in Sources */ = {isa = PBXBuildFile; fileRef = FAF0B7822A6BE14D009B1E70 /* Player.swift */; };
		FAF0B7862A6BE36F009B1E70 /* SDWebImage in Frameworks */ = {isa = PBXBuildFile; productRef = FAF0B7852A6BE36F009B1E70 /* SDWebImage */; };
/* End PBXBuildFile section */

/* Begin PBXFileReference section */
		FAF0B74A2A6AD267009B1E70 /* Players.app */ = {isa = PBXFileReference; explicitFileType = wrapper.application; includeInIndex = 0; path = Players.app; sourceTree = BUILT_PRODUCTS_DIR; };
		FAF0B74D2A6AD267009B1E70 /* AppDelegate.swift */ = {isa = PBXFileReference; lastKnownFileType = sourcecode.swift; path = AppDelegate.swift; sourceTree = "<group>"; };
		FAF0B74F2A6AD267009B1E70 /* SceneDelegate.swift */ = {isa = PBXFileReference; lastKnownFileType = sourcecode.swift; path = SceneDelegate.swift; sourceTree = "<group>"; };
		FAF0B7512A6AD267009B1E70 /* PlayersListVC.swift */ = {isa = PBXFileReference; lastKnownFileType = sourcecode.swift; path = PlayersListVC.swift; sourceTree = "<group>"; };
		FAF0B7562A6AD268009B1E70 /* Assets.xcassets */ = {isa = PBXFileReference; lastKnownFileType = folder.assetcatalog; path = Assets.xcassets; sourceTree = "<group>"; };
		FAF0B7592A6AD268009B1E70 /* Base */ = {isa = PBXFileReference; lastKnownFileType = file.storyboard; name = Base; path = Base.lproj/LaunchScreen.storyboard; sourceTree = "<group>"; };
		FAF0B75B2A6AD268009B1E70 /* Info.plist */ = {isa = PBXFileReference; lastKnownFileType = text.plist.xml; path = Info.plist; sourceTree = "<group>"; };
		FAF0B7642A6AD7A2009B1E70 /* AppColors.swift */ = {isa = PBXFileReference; lastKnownFileType = sourcecode.swift; path = AppColors.swift; sourceTree = "<group>"; };
		FAF0B7672A6AD9EE009B1E70 /* UIViewController+Extensions.swift */ = {isa = PBXFileReference; lastKnownFileType = sourcecode.swift; path = "UIViewController+Extensions.swift"; sourceTree = "<group>"; };
		FAF0B76A2A6BC231009B1E70 /* PlayerCollectionViewCell.swift */ = {isa = PBXFileReference; lastKnownFileType = sourcecode.swift; path = PlayerCollectionViewCell.swift; sourceTree = "<group>"; };
		FAF0B76F2A6BCC83009B1E70 /* UIView + Extensions.swift */ = {isa = PBXFileReference; lastKnownFileType = sourcecode.swift; path = "UIView + Extensions.swift"; sourceTree = "<group>"; };
		FAF0B7722A6BCE5A009B1E70 /* PlayerTableViewCell.swift */ = {isa = PBXFileReference; lastKnownFileType = sourcecode.swift; path = PlayerTableViewCell.swift; sourceTree = "<group>"; };
		FAF0B7742A6BDA35009B1E70 /* NetworkService.swift */ = {isa = PBXFileReference; lastKnownFileType = sourcecode.swift; path = NetworkService.swift; sourceTree = "<group>"; };
		FAF0B7762A6BDB81009B1E70 /* PlayersListViewModel.swift */ = {isa = PBXFileReference; lastKnownFileType = sourcecode.swift; path = PlayersListViewModel.swift; sourceTree = "<group>"; };
		FAF0B7782A6BDB9C009B1E70 /* Observable.swift */ = {isa = PBXFileReference; lastKnownFileType = sourcecode.swift; path = Observable.swift; sourceTree = "<group>"; };
		FAF0B77A2A6BDE1A009B1E70 /* HTTPMethod.swift */ = {isa = PBXFileReference; lastKnownFileType = sourcecode.swift; path = HTTPMethod.swift; sourceTree = "<group>"; };
		FAF0B77E2A6BE0A5009B1E70 /* EndPoint.swift */ = {isa = PBXFileReference; lastKnownFileType = sourcecode.swift; path = EndPoint.swift; sourceTree = "<group>"; };
		FAF0B7802A6BE123009B1E70 /* PlayersListResponse.swift */ = {isa = PBXFileReference; lastKnownFileType = sourcecode.swift; path = PlayersListResponse.swift; sourceTree = "<group>"; };
		FAF0B7822A6BE14D009B1E70 /* Player.swift */ = {isa = PBXFileReference; lastKnownFileType = sourcecode.swift; path = Player.swift; sourceTree = "<group>"; };
/* End PBXFileReference section */

/* Begin PBXFrameworksBuildPhase section */
		FAF0B7472A6AD267009B1E70 /* Frameworks */ = {
			isa = PBXFrameworksBuildPhase;
			buildActionMask = 2147483647;
			files = (
				FAF0B7862A6BE36F009B1E70 /* SDWebImage in Frameworks */,
				FAF0B76E2A6BC38F009B1E70 /* SnapKit in Frameworks */,
			);
			runOnlyForDeploymentPostprocessing = 0;
		};
/* End PBXFrameworksBuildPhase section */

/* Begin PBXGroup section */
		FAF0B7412A6AD267009B1E70 = {
			isa = PBXGroup;
			children = (
				FAF0B74C2A6AD267009B1E70 /* Players */,
				FAF0B74B2A6AD267009B1E70 /* Products */,
			);
			sourceTree = "<group>";
		};
		FAF0B74B2A6AD267009B1E70 /* Products */ = {
			isa = PBXGroup;
			children = (
				FAF0B74A2A6AD267009B1E70 /* Players.app */,
			);
			name = Products;
			sourceTree = "<group>";
		};
		FAF0B74C2A6AD267009B1E70 /* Players */ = {
			isa = PBXGroup;
			children = (
				FAF0B74D2A6AD267009B1E70 /* AppDelegate.swift */,
				FAF0B74F2A6AD267009B1E70 /* SceneDelegate.swift */,
				FAF0B7662A6AD9D8009B1E70 /* Extensions */,
				FAF0B7632A6AD793009B1E70 /* Utils */,
				FAF0B7612A6AD416009B1E70 /* PlayersList */,
				FAF0B7562A6AD268009B1E70 /* Assets.xcassets */,
				FAF0B7582A6AD268009B1E70 /* LaunchScreen.storyboard */,
				FAF0B75B2A6AD268009B1E70 /* Info.plist */,
			);
			path = Players;
			sourceTree = "<group>";
		};
		FAF0B7612A6AD416009B1E70 /* PlayersList */ = {
			isa = PBXGroup;
			children = (
				FAF0B77D2A6BE092009B1E70 /* Model */,
				FAF0B77C2A6BE087009B1E70 /* ViewModel */,
				FAF0B7712A6BCD2D009B1E70 /* View */,
				FAF0B7692A6BC21B009B1E70 /* Cells */,
			);
			path = PlayersList;
			sourceTree = "<group>";
		};
		FAF0B7632A6AD793009B1E70 /* Utils */ = {
			isa = PBXGroup;
			children = (
				FAF0B7642A6AD7A2009B1E70 /* AppColors.swift */,
				FAF0B7742A6BDA35009B1E70 /* NetworkService.swift */,
				FAF0B7782A6BDB9C009B1E70 /* Observable.swift */,
				FAF0B77A2A6BDE1A009B1E70 /* HTTPMethod.swift */,
				FAF0B77E2A6BE0A5009B1E70 /* EndPoint.swift */,
			);
			path = Utils;
			sourceTree = "<group>";
		};
		FAF0B7662A6AD9D8009B1E70 /* Extensions */ = {
			isa = PBXGroup;
			children = (
				FAF0B7672A6AD9EE009B1E70 /* UIViewController+Extensions.swift */,
				FAF0B76F2A6BCC83009B1E70 /* UIView + Extensions.swift */,
			);
			path = Extensions;
			sourceTree = "<group>";
		};
		FAF0B7692A6BC21B009B1E70 /* Cells */ = {
			isa = PBXGroup;
			children = (
				FAF0B76A2A6BC231009B1E70 /* PlayerCollectionViewCell.swift */,
				FAF0B7722A6BCE5A009B1E70 /* PlayerTableViewCell.swift */,
			);
			path = Cells;
			sourceTree = "<group>";
		};
		FAF0B7712A6BCD2D009B1E70 /* View */ = {
			isa = PBXGroup;
			children = (
				FAF0B7512A6AD267009B1E70 /* PlayersListVC.swift */,
			);
			path = View;
			sourceTree = "<group>";
		};
		FAF0B77C2A6BE087009B1E70 /* ViewModel */ = {
			isa = PBXGroup;
			children = (
				FAF0B7762A6BDB81009B1E70 /* PlayersListViewModel.swift */,
			);
			path = ViewModel;
			sourceTree = "<group>";
		};
		FAF0B77D2A6BE092009B1E70 /* Model */ = {
			isa = PBXGroup;
			children = (
				FAF0B7802A6BE123009B1E70 /* PlayersListResponse.swift */,
				FAF0B7822A6BE14D009B1E70 /* Player.swift */,
			);
			path = Model;
			sourceTree = "<group>";
		};
/* End PBXGroup section */

/* Begin PBXNativeTarget section */
		FAF0B7492A6AD267009B1E70 /* Players */ = {
			isa = PBXNativeTarget;
			buildConfigurationList = FAF0B75E2A6AD268009B1E70 /* Build configuration list for PBXNativeTarget "Players" */;
			buildPhases = (
				FAF0B7462A6AD267009B1E70 /* Sources */,
				FAF0B7472A6AD267009B1E70 /* Frameworks */,
				FAF0B7482A6AD267009B1E70 /* Resources */,
			);
			buildRules = (
			);
			dependencies = (
			);
			name = Players;
			packageProductDependencies = (
				FAF0B76D2A6BC38F009B1E70 /* SnapKit */,
				FAF0B7852A6BE36F009B1E70 /* SDWebImage */,
			);
			productName = Players;
			productReference = FAF0B74A2A6AD267009B1E70 /* Players.app */;
			productType = "com.apple.product-type.application";
		};
/* End PBXNativeTarget section */

/* Begin PBXProject section */
		FAF0B7422A6AD267009B1E70 /* Project object */ = {
			isa = PBXProject;
			attributes = {
				BuildIndependentTargetsInParallel = 1;
				LastSwiftUpdateCheck = 1430;
				LastUpgradeCheck = 1430;
				TargetAttributes = {
					FAF0B7492A6AD267009B1E70 = {
						CreatedOnToolsVersion = 14.3;
					};
				};
			};
			buildConfigurationList = FAF0B7452A6AD267009B1E70 /* Build configuration list for PBXProject "Players" */;
			compatibilityVersion = "Xcode 14.0";
			developmentRegion = en;
			hasScannedForEncodings = 0;
			knownRegions = (
				en,
				Base,
			);
			mainGroup = FAF0B7412A6AD267009B1E70;
			packageReferences = (
				FAF0B76C2A6BC38F009B1E70 /* XCRemoteSwiftPackageReference "SnapKit" */,
				FAF0B7842A6BE36F009B1E70 /* XCRemoteSwiftPackageReference "SDWebImage" */,
			);
			productRefGroup = FAF0B74B2A6AD267009B1E70 /* Products */;
			projectDirPath = "";
			projectRoot = "";
			targets = (
				FAF0B7492A6AD267009B1E70 /* Players */,
			);
		};
/* End PBXProject section */

/* Begin PBXResourcesBuildPhase section */
		FAF0B7482A6AD267009B1E70 /* Resources */ = {
			isa = PBXResourcesBuildPhase;
			buildActionMask = 2147483647;
			files = (
				FAF0B75A2A6AD268009B1E70 /* LaunchScreen.storyboard in Resources */,
				FAF0B7572A6AD268009B1E70 /* Assets.xcassets in Resources */,
			);
			runOnlyForDeploymentPostprocessing = 0;
		};
/* End PBXResourcesBuildPhase section */

/* Begin PBXSourcesBuildPhase section */
		FAF0B7462A6AD267009B1E70 /* Sources */ = {
			isa = PBXSourcesBuildPhase;
			buildActionMask = 2147483647;
			files = (
				FAF0B77F2A6BE0A5009B1E70 /* EndPoint.swift in Sources */,
				FAF0B7792A6BDB9C009B1E70 /* Observable.swift in Sources */,
				FAF0B7702A6BCC83009B1E70 /* UIView + Extensions.swift in Sources */,
				FAF0B7522A6AD267009B1E70 /* PlayersListVC.swift in Sources */,
				FAF0B7652A6AD7A2009B1E70 /* AppColors.swift in Sources */,
				FAF0B77B2A6BDE1A009B1E70 /* HTTPMethod.swift in Sources */,
				FAF0B7772A6BDB81009B1E70 /* PlayersListViewModel.swift in Sources */,
				FAF0B7812A6BE123009B1E70 /* PlayersListResponse.swift in Sources */,
				FAF0B7682A6AD9EE009B1E70 /* UIViewController+Extensions.swift in Sources */,
				FAF0B7752A6BDA35009B1E70 /* NetworkService.swift in Sources */,
				FAF0B7732A6BCE5A009B1E70 /* PlayerTableViewCell.swift in Sources */,
				FAF0B74E2A6AD267009B1E70 /* AppDelegate.swift in Sources */,
				FAF0B7502A6AD267009B1E70 /* SceneDelegate.swift in Sources */,
				FAF0B7832A6BE14D009B1E70 /* Player.swift in Sources */,
				FAF0B76B2A6BC231009B1E70 /* PlayerCollectionViewCell.swift in Sources */,
			);
			runOnlyForDeploymentPostprocessing = 0;
		};
/* End PBXSourcesBuildPhase section */

/* Begin PBXVariantGroup section */
		FAF0B7582A6AD268009B1E70 /* LaunchScreen.storyboard */ = {
			isa = PBXVariantGroup;
			children = (
				FAF0B7592A6AD268009B1E70 /* Base */,
			);
			name = LaunchScreen.storyboard;
			sourceTree = "<group>";
		};
/* End PBXVariantGroup section */

/* Begin XCBuildConfiguration section */
		FAF0B75C2A6AD268009B1E70 /* Debug */ = {
			isa = XCBuildConfiguration;
			buildSettings = {
				ALWAYS_SEARCH_USER_PATHS = NO;
				CLANG_ANALYZER_NONNULL = YES;
				CLANG_ANALYZER_NUMBER_OBJECT_CONVERSION = YES_AGGRESSIVE;
				CLANG_CXX_LANGUAGE_STANDARD = "gnu++20";
				CLANG_ENABLE_MODULES = YES;
				CLANG_ENABLE_OBJC_ARC = YES;
				CLANG_ENABLE_OBJC_WEAK = YES;
				CLANG_WARN_BLOCK_CAPTURE_AUTORELEASING = YES;
				CLANG_WARN_BOOL_CONVERSION = YES;
				CLANG_WARN_COMMA = YES;
				CLANG_WARN_CONSTANT_CONVERSION = YES;
				CLANG_WARN_DEPRECATED_OBJC_IMPLEMENTATIONS = YES;
				CLANG_WARN_DIRECT_OBJC_ISA_USAGE = YES_ERROR;
				CLANG_WARN_DOCUMENTATION_COMMENTS = YES;
				CLANG_WARN_EMPTY_BODY = YES;
				CLANG_WARN_ENUM_CONVERSION = YES;
				CLANG_WARN_INFINITE_RECURSION = YES;
				CLANG_WARN_INT_CONVERSION = YES;
				CLANG_WARN_NON_LITERAL_NULL_CONVERSION = YES;
				CLANG_WARN_OBJC_IMPLICIT_RETAIN_SELF = YES;
				CLANG_WARN_OBJC_LITERAL_CONVERSION = YES;
				CLANG_WARN_OBJC_ROOT_CLASS = YES_ERROR;
				CLANG_WARN_QUOTED_INCLUDE_IN_FRAMEWORK_HEADER = YES;
				CLANG_WARN_RANGE_LOOP_ANALYSIS = YES;
				CLANG_WARN_STRICT_PROTOTYPES = YES;
				CLANG_WARN_SUSPICIOUS_MOVE = YES;
				CLANG_WARN_UNGUARDED_AVAILABILITY = YES_AGGRESSIVE;
				CLANG_WARN_UNREACHABLE_CODE = YES;
				CLANG_WARN__DUPLICATE_METHOD_MATCH = YES;
				COPY_PHASE_STRIP = NO;
				DEBUG_INFORMATION_FORMAT = dwarf;
				ENABLE_STRICT_OBJC_MSGSEND = YES;
				ENABLE_TESTABILITY = YES;
				GCC_C_LANGUAGE_STANDARD = gnu11;
				GCC_DYNAMIC_NO_PIC = NO;
				GCC_NO_COMMON_BLOCKS = YES;
				GCC_OPTIMIZATION_LEVEL = 0;
				GCC_PREPROCESSOR_DEFINITIONS = (
					"DEBUG=1",
					"$(inherited)",
				);
				GCC_WARN_64_TO_32_BIT_CONVERSION = YES;
				GCC_WARN_ABOUT_RETURN_TYPE = YES_ERROR;
				GCC_WARN_UNDECLARED_SELECTOR = YES;
				GCC_WARN_UNINITIALIZED_AUTOS = YES_AGGRESSIVE;
				GCC_WARN_UNUSED_FUNCTION = YES;
				GCC_WARN_UNUSED_VARIABLE = YES;
				IPHONEOS_DEPLOYMENT_TARGET = 16.4;
				MTL_ENABLE_DEBUG_INFO = INCLUDE_SOURCE;
				MTL_FAST_MATH = YES;
				ONLY_ACTIVE_ARCH = YES;
				SDKROOT = iphoneos;
				SWIFT_ACTIVE_COMPILATION_CONDITIONS = DEBUG;
				SWIFT_OPTIMIZATION_LEVEL = "-Onone";
			};
			name = Debug;
		};
		FAF0B75D2A6AD268009B1E70 /* Release */ = {
			isa = XCBuildConfiguration;
			buildSettings = {
				ALWAYS_SEARCH_USER_PATHS = NO;
				CLANG_ANALYZER_NONNULL = YES;
				CLANG_ANALYZER_NUMBER_OBJECT_CONVERSION = YES_AGGRESSIVE;
				CLANG_CXX_LANGUAGE_STANDARD = "gnu++20";
				CLANG_ENABLE_MODULES = YES;
				CLANG_ENABLE_OBJC_ARC = YES;
				CLANG_ENABLE_OBJC_WEAK = YES;
				CLANG_WARN_BLOCK_CAPTURE_AUTORELEASING = YES;
				CLANG_WARN_BOOL_CONVERSION = YES;
				CLANG_WARN_COMMA = YES;
				CLANG_WARN_CONSTANT_CONVERSION = YES;
				CLANG_WARN_DEPRECATED_OBJC_IMPLEMENTATIONS = YES;
				CLANG_WARN_DIRECT_OBJC_ISA_USAGE = YES_ERROR;
				CLANG_WARN_DOCUMENTATION_COMMENTS = YES;
				CLANG_WARN_EMPTY_BODY = YES;
				CLANG_WARN_ENUM_CONVERSION = YES;
				CLANG_WARN_INFINITE_RECURSION = YES;
				CLANG_WARN_INT_CONVERSION = YES;
				CLANG_WARN_NON_LITERAL_NULL_CONVERSION = YES;
				CLANG_WARN_OBJC_IMPLICIT_RETAIN_SELF = YES;
				CLANG_WARN_OBJC_LITERAL_CONVERSION = YES;
				CLANG_WARN_OBJC_ROOT_CLASS = YES_ERROR;
				CLANG_WARN_QUOTED_INCLUDE_IN_FRAMEWORK_HEADER = YES;
				CLANG_WARN_RANGE_LOOP_ANALYSIS = YES;
				CLANG_WARN_STRICT_PROTOTYPES = YES;
				CLANG_WARN_SUSPICIOUS_MOVE = YES;
				CLANG_WARN_UNGUARDED_AVAILABILITY = YES_AGGRESSIVE;
				CLANG_WARN_UNREACHABLE_CODE = YES;
				CLANG_WARN__DUPLICATE_METHOD_MATCH = YES;
				COPY_PHASE_STRIP = NO;
				DEBUG_INFORMATION_FORMAT = "dwarf-with-dsym";
				ENABLE_NS_ASSERTIONS = NO;
				ENABLE_STRICT_OBJC_MSGSEND = YES;
				GCC_C_LANGUAGE_STANDARD = gnu11;
				GCC_NO_COMMON_BLOCKS = YES;
				GCC_WARN_64_TO_32_BIT_CONVERSION = YES;
				GCC_WARN_ABOUT_RETURN_TYPE = YES_ERROR;
				GCC_WARN_UNDECLARED_SELECTOR = YES;
				GCC_WARN_UNINITIALIZED_AUTOS = YES_AGGRESSIVE;
				GCC_WARN_UNUSED_FUNCTION = YES;
				GCC_WARN_UNUSED_VARIABLE = YES;
				IPHONEOS_DEPLOYMENT_TARGET = 16.4;
				MTL_ENABLE_DEBUG_INFO = NO;
				MTL_FAST_MATH = YES;
				SDKROOT = iphoneos;
				SWIFT_COMPILATION_MODE = wholemodule;
				SWIFT_OPTIMIZATION_LEVEL = "-O";
				VALIDATE_PRODUCT = YES;
			};
			name = Release;
		};
		FAF0B75F2A6AD268009B1E70 /* Debug */ = {
			isa = XCBuildConfiguration;
			buildSettings = {
				ASSETCATALOG_COMPILER_APPICON_NAME = AppIcon;
				ASSETCATALOG_COMPILER_GLOBAL_ACCENT_COLOR_NAME = AccentColor;
				CODE_SIGN_STYLE = Automatic;
				CURRENT_PROJECT_VERSION = 1;
				DEVELOPMENT_TEAM = WD4QNU5MSP;
				GENERATE_INFOPLIST_FILE = YES;
				INFOPLIST_FILE = Players/Info.plist;
				INFOPLIST_KEY_UIApplicationSupportsIndirectInputEvents = YES;
				INFOPLIST_KEY_UILaunchStoryboardName = LaunchScreen;
				INFOPLIST_KEY_UISupportedInterfaceOrientations_iPad = "UIInterfaceOrientationPortrait UIInterfaceOrientationPortraitUpsideDown UIInterfaceOrientationLandscapeLeft UIInterfaceOrientationLandscapeRight";
				INFOPLIST_KEY_UISupportedInterfaceOrientations_iPhone = "UIInterfaceOrientationPortrait UIInterfaceOrientationLandscapeLeft UIInterfaceOrientationLandscapeRight";
				LD_RUNPATH_SEARCH_PATHS = (
					"$(inherited)",
					"@executable_path/Frameworks",
				);
				MARKETING_VERSION = 1.0;
				PRODUCT_BUNDLE_IDENTIFIER = com.jameelshehadeh.Players;
				PRODUCT_NAME = "$(TARGET_NAME)";
				SWIFT_EMIT_LOC_STRINGS = YES;
				SWIFT_VERSION = 5.0;
				TARGETED_DEVICE_FAMILY = "1,2";
			};
			name = Debug;
		};
		FAF0B7602A6AD268009B1E70 /* Release */ = {
			isa = XCBuildConfiguration;
			buildSettings = {
				ASSETCATALOG_COMPILER_APPICON_NAME = AppIcon;
				ASSETCATALOG_COMPILER_GLOBAL_ACCENT_COLOR_NAME = AccentColor;
				CODE_SIGN_STYLE = Automatic;
				CURRENT_PROJECT_VERSION = 1;
				DEVELOPMENT_TEAM = WD4QNU5MSP;
				GENERATE_INFOPLIST_FILE = YES;
				INFOPLIST_FILE = Players/Info.plist;
				INFOPLIST_KEY_UIApplicationSupportsIndirectInputEvents = YES;
				INFOPLIST_KEY_UILaunchStoryboardName = LaunchScreen;
				INFOPLIST_KEY_UISupportedInterfaceOrientations_iPad = "UIInterfaceOrientationPortrait UIInterfaceOrientationPortraitUpsideDown UIInterfaceOrientationLandscapeLeft UIInterfaceOrientationLandscapeRight";
				INFOPLIST_KEY_UISupportedInterfaceOrientations_iPhone = "UIInterfaceOrientationPortrait UIInterfaceOrientationLandscapeLeft UIInterfaceOrientationLandscapeRight";
				LD_RUNPATH_SEARCH_PATHS = (
					"$(inherited)",
					"@executable_path/Frameworks",
				);
				MARKETING_VERSION = 1.0;
				PRODUCT_BUNDLE_IDENTIFIER = com.jameelshehadeh.Players;
				PRODUCT_NAME = "$(TARGET_NAME)";
				SWIFT_EMIT_LOC_STRINGS = YES;
				SWIFT_VERSION = 5.0;
				TARGETED_DEVICE_FAMILY = "1,2";
			};
			name = Release;
		};
/* End XCBuildConfiguration section */

/* Begin XCConfigurationList section */
		FAF0B7452A6AD267009B1E70 /* Build configuration list for PBXProject "Players" */ = {
			isa = XCConfigurationList;
			buildConfigurations = (
				FAF0B75C2A6AD268009B1E70 /* Debug */,
				FAF0B75D2A6AD268009B1E70 /* Release */,
			);
			defaultConfigurationIsVisible = 0;
			defaultConfigurationName = Release;
		};
		FAF0B75E2A6AD268009B1E70 /* Build configuration list for PBXNativeTarget "Players" */ = {
			isa = XCConfigurationList;
			buildConfigurations = (
				FAF0B75F2A6AD268009B1E70 /* Debug */,
				FAF0B7602A6AD268009B1E70 /* Release */,
			);
			defaultConfigurationIsVisible = 0;
			defaultConfigurationName = Release;
		};
/* End XCConfigurationList section */

/* Begin XCRemoteSwiftPackageReference section */
		FAF0B76C2A6BC38F009B1E70 /* XCRemoteSwiftPackageReference "SnapKit" */ = {
			isa = XCRemoteSwiftPackageReference;
			repositoryURL = "https://github.com/SnapKit/SnapKit.git";
			requirement = {
				kind = upToNextMajorVersion;
				minimumVersion = 5.0.0;
			};
		};
		FAF0B7842A6BE36F009B1E70 /* XCRemoteSwiftPackageReference "SDWebImage" */ = {
			isa = XCRemoteSwiftPackageReference;
			repositoryURL = "https://github.com/SDWebImage/SDWebImage";
			requirement = {
				kind = upToNextMajorVersion;
				minimumVersion = 5.0.0;
			};
		};
/* End XCRemoteSwiftPackageReference section */

/* Begin XCSwiftPackageProductDependency section */
		FAF0B76D2A6BC38F009B1E70 /* SnapKit */ = {
			isa = XCSwiftPackageProductDependency;
			package = FAF0B76C2A6BC38F009B1E70 /* XCRemoteSwiftPackageReference "SnapKit" */;
			productName = SnapKit;
		};
		FAF0B7852A6BE36F009B1E70 /* SDWebImage */ = {
			isa = XCSwiftPackageProductDependency;
			package = FAF0B7842A6BE36F009B1E70 /* XCRemoteSwiftPackageReference "SDWebImage" */;
			productName = SDWebImage;
		};
/* End XCSwiftPackageProductDependency section */
	};
	rootObject = FAF0B7422A6AD267009B1E70 /* Project object */;
}
